
Microsoft Visual Studio Solution File, Format Version 12.00
# Visual Studio 15
VisualStudioVersion = 15.0.28010.2016
MinimumVisualStudioVersion = 10.0.40219.1
Project("{FAE04EC0-301F-11D3-BF4B-00C04F79EFBC}") = "MuzikMVC", "MuzikMVC\MuzikMVC.csproj", "{1425995D-C978-47CD-82F7-56D6D163C9A2}"
EndProject
Global
	GlobalSection(SolutionConfigurationPlatforms) = preSolution
		Debug|Any CPU = Debug|Any CPU
		Release|Any CPU = Release|Any CPU
	EndGlobalSection
	GlobalSection(ProjectConfigurationPlatforms) = postSolution
		{1425995D-C978-47CD-82F7-56D6D163C9A2}.Debug|Any CPU.ActiveCfg = Debug|Any CPU
		{1425995D-C978-47CD-82F7-56D6D163C9A2}.Debug|Any CPU.Build.0 = Debug|Any CPU
		{1425995D-C978-47CD-82F7-56D6D163C9A2}.Release|Any CPU.ActiveCfg = Release|Any CPU
		{1425995D-C978-47CD-82F7-56D6D163C9A2}.Release|Any CPU.Build.0 = Release|Any CPU
	EndGlobalSection
	GlobalSection(SolutionProperties) = preSolution
		HideSolutionNode = FALSE
	EndGlobalSection
	GlobalSection(ExtensibilityGlobals) = postSolution
		SolutionGuid = {9267723B-1B00-496D-865E-A1359FAACB9A}
	EndGlobalSection
EndGlobal
